
Microsoft Visual Studio Solution File, Format Version 12.00
# Visual Studio Version 17
VisualStudioVersion = 17.3.32825.248
MinimumVisualStudioVersion = 10.0.40219.1
Project("{FAE04EC0-301F-11D3-BF4B-00C04F79EFBC}") = "U4-13-stud", "U4-13-stud.csproj", "{2901A993-0F8E-4FA4-BD02-6147270875E0}"
EndProject
Global
	GlobalSection(SolutionConfigurationPlatforms) = preSolution
		Debug|Any CPU = Debug|Any CPU
		Release|Any CPU = Release|Any CPU
	EndGlobalSection
	GlobalSection(ProjectConfigurationPlatforms) = postSolution
		{2901A993-0F8E-4FA4-BD02-6147270875E0}.Debug|Any CPU.ActiveCfg = Debug|Any CPU
		{2901A993-0F8E-4FA4-BD02-6147270875E0}.Debug|Any CPU.Build.0 = Debug|Any CPU
		{2901A993-0F8E-4FA4-BD02-6147270875E0}.Release|Any CPU.ActiveCfg = Release|Any CPU
		{2901A993-0F8E-4FA4-BD02-6147270875E0}.Release|Any CPU.Build.0 = Release|Any CPU
	EndGlobalSection
	GlobalSection(SolutionProperties) = preSolution
		HideSolutionNode = FALSE
	EndGlobalSection
	GlobalSection(ExtensibilityGlobals) = postSolution
		SolutionGuid = {BFFE27E8-0D63-419D-80D3-D0CB3EDFD782}
	EndGlobalSection
EndGlobal
